// !$*UTF8*$!
{
	archiveVersion = 1;
	classes = {
	};
	objectVersion = 50;
	objects = {

/* Begin PBXBuildFile section */
		C319563220C7802700E1D7A9 /* Cocoa.framework in Frameworks */ = {isa = PBXBuildFile; fileRef = C319563120C7802700E1D7A9 /* Cocoa.framework */; };
		C319563420C7805E00E1D7A9 /* IOKit.framework in Frameworks */ = {isa = PBXBuildFile; fileRef = C319563320C7805E00E1D7A9 /* IOKit.framework */; };
		C319563620C7806900E1D7A9 /* CoreVideo.framework in Frameworks */ = {isa = PBXBuildFile; fileRef = C319563520C7806900E1D7A9 /* CoreVideo.framework */; };
		C319564120C90A0700E1D7A9 /* shader.cpp in Sources */ = {isa = PBXBuildFile; fileRef = C319563F20C90A0700E1D7A9 /* shader.cpp */; };
		C35D511220DB892400C2C54D /* glad.cpp in Sources */ = {isa = PBXBuildFile; fileRef = C35D511120DB892400C2C54D /* glad.cpp */; };
		C39F15F320C77008000BE728 /* main.cpp in Sources */ = {isa = PBXBuildFile; fileRef = C39F15F220C77008000BE728 /* main.cpp */; };
		C3C7364320E9B74800D21CB4 /* libglfw3.a in Frameworks */ = {isa = PBXBuildFile; fileRef = C3C7364220E9B74800D21CB4 /* libglfw3.a */; };
		C3C738E320E9BD8100D21CB4 /* libassimp.4.0.1.dylib in Frameworks */ = {isa = PBXBuildFile; fileRef = C3C738E220E9BD8100D21CB4 /* libassimp.4.0.1.dylib */; };
/* End PBXBuildFile section */

/* Begin PBXCopyFilesBuildPhase section */
		C39F15ED20C77008000BE728 /* CopyFiles */ = {
			isa = PBXCopyFilesBuildPhase;
			buildActionMask = 2147483647;
			dstPath = /usr/share/man/man1/;
			dstSubfolderSpec = 0;
			files = (
			);
			runOnlyForDeploymentPostprocessing = 1;
		};
/* End PBXCopyFilesBuildPhase section */

/* Begin PBXFileReference section */
		C319563120C7802700E1D7A9 /* Cocoa.framework */ = {isa = PBXFileReference; lastKnownFileType = wrapper.framework; name = Cocoa.framework; path = System/Library/Frameworks/Cocoa.framework; sourceTree = SDKROOT; };
		C319563320C7805E00E1D7A9 /* IOKit.framework */ = {isa = PBXFileReference; lastKnownFileType = wrapper.framework; name = IOKit.framework; path = System/Library/Frameworks/IOKit.framework; sourceTree = SDKROOT; };
		C319563520C7806900E1D7A9 /* CoreVideo.framework */ = {isa = PBXFileReference; lastKnownFileType = wrapper.framework; name = CoreVideo.framework; path = System/Library/Frameworks/CoreVideo.framework; sourceTree = SDKROOT; };
		C319563F20C90A0700E1D7A9 /* shader.cpp */ = {isa = PBXFileReference; fileEncoding = 4; lastKnownFileType = sourcecode.cpp.cpp; lineEnding = 0; path = shader.cpp; sourceTree = "<group>"; wrapsLines = 1; };
		C319564020C90A0700E1D7A9 /* shader.hpp */ = {isa = PBXFileReference; lastKnownFileType = sourcecode.cpp.h; path = shader.hpp; sourceTree = "<group>"; };
		C319564B20C9224E00E1D7A9 /* lib */ = {isa = PBXFileReference; lastKnownFileType = folder; path = lib; sourceTree = "<group>"; };
		C35D510C20DB46BB00C2C54D /* sample.png */ = {isa = PBXFileReference; lastKnownFileType = image.png; path = sample.png; sourceTree = "<group>"; };
		C35D511120DB892400C2C54D /* glad.cpp */ = {isa = PBXFileReference; lastKnownFileType = sourcecode.cpp.cpp; path = glad.cpp; sourceTree = "<group>"; };
		C39F15EF20C77008000BE728 /* opengl-project */ = {isa = PBXFileReference; explicitFileType = "compiled.mach-o.executable"; includeInIndex = 0; path = "opengl-project"; sourceTree = BUILT_PRODUCTS_DIR; };
		C39F15F220C77008000BE728 /* main.cpp */ = {isa = PBXFileReference; lastKnownFileType = sourcecode.cpp.cpp; path = main.cpp; sourceTree = "<group>"; };
		C3C7364220E9B74800D21CB4 /* libglfw3.a */ = {isa = PBXFileReference; lastKnownFileType = archive.ar; name = libglfw3.a; path = "opengl-project/lib/libglfw3.a"; sourceTree = "<group>"; };
		C3C738E120E9BB4F00D21CB4 /* includes */ = {isa = PBXFileReference; lastKnownFileType = folder; path = includes; sourceTree = "<group>"; };
		C3C738E220E9BD8100D21CB4 /* libassimp.4.0.1.dylib */ = {isa = PBXFileReference; lastKnownFileType = "compiled.mach-o.dylib"; name = libassimp.4.0.1.dylib; path = "opengl-project/lib/libassimp.4.0.1.dylib"; sourceTree = "<group>"; };
		C3F3A61D20E3222500BA986F /* lamp.fs */ = {isa = PBXFileReference; lastKnownFileType = sourcecode.glsl; path = lamp.fs; sourceTree = "<group>"; };
		C3F3A61E20E3222500BA986F /* lamp.vs */ = {isa = PBXFileReference; lastKnownFileType = sourcecode.glsl; path = lamp.vs; sourceTree = "<group>"; };
		C3F3A61F20E3222500BA986F /* object.fs */ = {isa = PBXFileReference; lastKnownFileType = sourcecode.glsl; path = object.fs; sourceTree = "<group>"; };
		C3F3A62020E3222500BA986F /* object.vs */ = {isa = PBXFileReference; lastKnownFileType = sourcecode.glsl; path = object.vs; sourceTree = "<group>"; };
		C3F3A62120E370F700BA986F /* box_timber.png */ = {isa = PBXFileReference; lastKnownFileType = image.png; path = box_timber.png; sourceTree = "<group>"; };
		C3F3A62220E3782E00BA986F /* box_specular_map.png */ = {isa = PBXFileReference; lastKnownFileType = image.png; path = box_specular_map.png; sourceTree = "<group>"; };
/* End PBXFileReference section */

/* Begin PBXFrameworksBuildPhase section */
		C39F15EC20C77008000BE728 /* Frameworks */ = {
			isa = PBXFrameworksBuildPhase;
			buildActionMask = 2147483647;
			files = (
				C3C738E320E9BD8100D21CB4 /* libassimp.4.0.1.dylib in Frameworks */,
				C3C7364320E9B74800D21CB4 /* libglfw3.a in Frameworks */,
				C319563620C7806900E1D7A9 /* CoreVideo.framework in Frameworks */,
				C319563420C7805E00E1D7A9 /* IOKit.framework in Frameworks */,
				C319563220C7802700E1D7A9 /* Cocoa.framework in Frameworks */,
			);
			runOnlyForDeploymentPostprocessing = 0;
		};
/* End PBXFrameworksBuildPhase section */

/* Begin PBXGroup section */
		C319568B20CA259D00E1D7A9 /* test */ = {
			isa = PBXGroup;
			children = (
			);
			path = test;
			sourceTree = "<group>";
		};
		C39F15E620C77008000BE728 = {
			isa = PBXGroup;
			children = (
				C39F15F120C77008000BE728 /* opengl-project */,
				C39F15F020C77008000BE728 /* Products */,
				C39F15F920C7761F000BE728 /* Frameworks */,
			);
			sourceTree = "<group>";
			usesTabs = 0;
		};
		C39F15F020C77008000BE728 /* Products */ = {
			isa = PBXGroup;
			children = (
				C39F15EF20C77008000BE728 /* opengl-project */,
			);
			name = Products;
			sourceTree = "<group>";
		};
		C39F15F120C77008000BE728 /* opengl-project */ = {
			isa = PBXGroup;
			children = (
				C3C738E120E9BB4F00D21CB4 /* includes */,
				C3F3A61C20E3222500BA986F /* shader */,
				C319568B20CA259D00E1D7A9 /* test */,
				C319564B20C9224E00E1D7A9 /* lib */,
				C39F15F220C77008000BE728 /* main.cpp */,
				C319563F20C90A0700E1D7A9 /* shader.cpp */,
				C3F3A62320E3783400BA986F /* img */,
				C35D511120DB892400C2C54D /* glad.cpp */,
				C319564020C90A0700E1D7A9 /* shader.hpp */,
			);
			path = "opengl-project";
			sourceTree = "<group>";
		};
		C39F15F920C7761F000BE728 /* Frameworks */ = {
			isa = PBXGroup;
			children = (
				C3C738E220E9BD8100D21CB4 /* libassimp.4.0.1.dylib */,
				C3C7364220E9B74800D21CB4 /* libglfw3.a */,
				C319563520C7806900E1D7A9 /* CoreVideo.framework */,
				C319563320C7805E00E1D7A9 /* IOKit.framework */,
				C319563120C7802700E1D7A9 /* Cocoa.framework */,
			);
			name = Frameworks;
			sourceTree = "<group>";
		};
		C3F3A61C20E3222500BA986F /* shader */ = {
			isa = PBXGroup;
			children = (
				C3F3A61D20E3222500BA986F /* lamp.fs */,
				C3F3A61E20E3222500BA986F /* lamp.vs */,
				C3F3A61F20E3222500BA986F /* object.fs */,
				C3F3A62020E3222500BA986F /* object.vs */,
			);
			path = shader;
			sourceTree = "<group>";
		};
		C3F3A62320E3783400BA986F /* img */ = {
			isa = PBXGroup;
			children = (
				C35D510C20DB46BB00C2C54D /* sample.png */,
				C3F3A62120E370F700BA986F /* box_timber.png */,
				C3F3A62220E3782E00BA986F /* box_specular_map.png */,
			);
			path = img;
			sourceTree = "<group>";
		};
/* End PBXGroup section */

/* Begin PBXNativeTarget section */
		C39F15EE20C77008000BE728 /* opengl-project */ = {
			isa = PBXNativeTarget;
			buildConfigurationList = C39F15F620C77008000BE728 /* Build configuration list for PBXNativeTarget "opengl-project" */;
			buildPhases = (
				C39F15EB20C77008000BE728 /* Sources */,
				C39F15EC20C77008000BE728 /* Frameworks */,
				C39F15ED20C77008000BE728 /* CopyFiles */,
			);
			buildRules = (
			);
			dependencies = (
			);
			name = "opengl-project";
			productName = "opengl-project";
			productReference = C39F15EF20C77008000BE728 /* opengl-project */;
			productType = "com.apple.product-type.tool";
		};
/* End PBXNativeTarget section */

/* Begin PBXProject section */
		C39F15E720C77008000BE728 /* Project object */ = {
			isa = PBXProject;
			attributes = {
				LastUpgradeCheck = 0940;
				ORGANIZATIONNAME = ped;
				TargetAttributes = {
					C39F15EE20C77008000BE728 = {
						CreatedOnToolsVersion = 9.4;
					};
				};
			};
			buildConfigurationList = C39F15EA20C77008000BE728 /* Build configuration list for PBXProject "opengl-project" */;
			compatibilityVersion = "Xcode 9.3";
			developmentRegion = en;
			hasScannedForEncodings = 0;
			knownRegions = (
				en,
			);
			mainGroup = C39F15E620C77008000BE728;
			productRefGroup = C39F15F020C77008000BE728 /* Products */;
			projectDirPath = "";
			projectRoot = "";
			targets = (
				C39F15EE20C77008000BE728 /* opengl-project */,
			);
		};
/* End PBXProject section */

/* Begin PBXSourcesBuildPhase section */
		C39F15EB20C77008000BE728 /* Sources */ = {
			isa = PBXSourcesBuildPhase;
			buildActionMask = 2147483647;
			files = (
				C319564120C90A0700E1D7A9 /* shader.cpp in Sources */,
				C39F15F320C77008000BE728 /* main.cpp in Sources */,
				C35D511220DB892400C2C54D /* glad.cpp in Sources */,
			);
			runOnlyForDeploymentPostprocessing = 0;
		};
/* End PBXSourcesBuildPhase section */

/* Begin XCBuildConfiguration section */
		C39F15F420C77008000BE728 /* Debug */ = {
			isa = XCBuildConfiguration;
			buildSettings = {
				ALWAYS_SEARCH_USER_PATHS = NO;
				CLANG_ANALYZER_NONNULL = YES;
				CLANG_ANALYZER_NUMBER_OBJECT_CONVERSION = YES_AGGRESSIVE;
				CLANG_CXX_LANGUAGE_STANDARD = "gnu++14";
				CLANG_CXX_LIBRARY = "libc++";
				CLANG_ENABLE_MODULES = YES;
				CLANG_ENABLE_OBJC_ARC = YES;
				CLANG_ENABLE_OBJC_WEAK = YES;
				CLANG_WARN_BLOCK_CAPTURE_AUTORELEASING = YES;
				CLANG_WARN_BOOL_CONVERSION = YES;
				CLANG_WARN_COMMA = YES;
				CLANG_WARN_CONSTANT_CONVERSION = YES;
				CLANG_WARN_DEPRECATED_OBJC_IMPLEMENTATIONS = YES;
				CLANG_WARN_DIRECT_OBJC_ISA_USAGE = YES_ERROR;
				CLANG_WARN_DOCUMENTATION_COMMENTS = YES;
				CLANG_WARN_EMPTY_BODY = YES;
				CLANG_WARN_ENUM_CONVERSION = YES;
				CLANG_WARN_INFINITE_RECURSION = YES;
				CLANG_WARN_INT_CONVERSION = YES;
				CLANG_WARN_NON_LITERAL_NULL_CONVERSION = YES;
				CLANG_WARN_OBJC_IMPLICIT_RETAIN_SELF = YES;
				CLANG_WARN_OBJC_LITERAL_CONVERSION = YES;
				CLANG_WARN_OBJC_ROOT_CLASS = YES_ERROR;
				CLANG_WARN_RANGE_LOOP_ANALYSIS = YES;
				CLANG_WARN_STRICT_PROTOTYPES = YES;
				CLANG_WARN_SUSPICIOUS_MOVE = YES;
				CLANG_WARN_UNGUARDED_AVAILABILITY = YES_AGGRESSIVE;
				CLANG_WARN_UNREACHABLE_CODE = YES;
				CLANG_WARN__DUPLICATE_METHOD_MATCH = YES;
				CODE_SIGN_IDENTITY = "Mac Developer";
				COPY_PHASE_STRIP = NO;
				DEBUG_INFORMATION_FORMAT = dwarf;
				ENABLE_STRICT_OBJC_MSGSEND = YES;
				ENABLE_TESTABILITY = YES;
				GCC_C_LANGUAGE_STANDARD = gnu11;
				GCC_DYNAMIC_NO_PIC = NO;
				GCC_NO_COMMON_BLOCKS = YES;
				GCC_OPTIMIZATION_LEVEL = 0;
				GCC_PREPROCESSOR_DEFINITIONS = (
					"DEBUG=1",
					"$(inherited)",
				);
				GCC_WARN_64_TO_32_BIT_CONVERSION = YES;
				GCC_WARN_ABOUT_RETURN_TYPE = YES_ERROR;
				GCC_WARN_UNDECLARED_SELECTOR = YES;
				GCC_WARN_UNINITIALIZED_AUTOS = YES_AGGRESSIVE;
				GCC_WARN_UNUSED_FUNCTION = YES;
				GCC_WARN_UNUSED_VARIABLE = YES;
				MACOSX_DEPLOYMENT_TARGET = 10.13;
				MTL_ENABLE_DEBUG_INFO = YES;
				ONLY_ACTIVE_ARCH = YES;
				SDKROOT = macosx;
			};
			name = Debug;
		};
		C39F15F520C77008000BE728 /* Release */ = {
			isa = XCBuildConfiguration;
			buildSettings = {
				ALWAYS_SEARCH_USER_PATHS = NO;
				CLANG_ANALYZER_NONNULL = YES;
				CLANG_ANALYZER_NUMBER_OBJECT_CONVERSION = YES_AGGRESSIVE;
				CLANG_CXX_LANGUAGE_STANDARD = "gnu++14";
				CLANG_CXX_LIBRARY = "libc++";
				CLANG_ENABLE_MODULES = YES;
				CLANG_ENABLE_OBJC_ARC = YES;
				CLANG_ENABLE_OBJC_WEAK = YES;
				CLANG_WARN_BLOCK_CAPTURE_AUTORELEASING = YES;
				CLANG_WARN_BOOL_CONVERSION = YES;
				CLANG_WARN_COMMA = YES;
				CLANG_WARN_CONSTANT_CONVERSION = YES;
				CLANG_WARN_DEPRECATED_OBJC_IMPLEMENTATIONS = YES;
				CLANG_WARN_DIRECT_OBJC_ISA_USAGE = YES_ERROR;
				CLANG_WARN_DOCUMENTATION_COMMENTS = YES;
				CLANG_WARN_EMPTY_BODY = YES;
				CLANG_WARN_ENUM_CONVERSION = YES;
				CLANG_WARN_INFINITE_RECURSION = YES;
				CLANG_WARN_INT_CONVERSION = YES;
				CLANG_WARN_NON_LITERAL_NULL_CONVERSION = YES;
				CLANG_WARN_OBJC_IMPLICIT_RETAIN_SELF = YES;
				CLANG_WARN_OBJC_LITERAL_CONVERSION = YES;
				CLANG_WARN_OBJC_ROOT_CLASS = YES_ERROR;
				CLANG_WARN_RANGE_LOOP_ANALYSIS = YES;
				CLANG_WARN_STRICT_PROTOTYPES = YES;
				CLANG_WARN_SUSPICIOUS_MOVE = YES;
				CLANG_WARN_UNGUARDED_AVAILABILITY = YES_AGGRESSIVE;
				CLANG_WARN_UNREACHABLE_CODE = YES;
				CLANG_WARN__DUPLICATE_METHOD_MATCH = YES;
				CODE_SIGN_IDENTITY = "Mac Developer";
				COPY_PHASE_STRIP = NO;
				DEBUG_INFORMATION_FORMAT = "dwarf-with-dsym";
				ENABLE_NS_ASSERTIONS = NO;
				ENABLE_STRICT_OBJC_MSGSEND = YES;
				GCC_C_LANGUAGE_STANDARD = gnu11;
				GCC_NO_COMMON_BLOCKS = YES;
				GCC_WARN_64_TO_32_BIT_CONVERSION = YES;
				GCC_WARN_ABOUT_RETURN_TYPE = YES_ERROR;
				GCC_WARN_UNDECLARED_SELECTOR = YES;
				GCC_WARN_UNINITIALIZED_AUTOS = YES_AGGRESSIVE;
				GCC_WARN_UNUSED_FUNCTION = YES;
				GCC_WARN_UNUSED_VARIABLE = YES;
				MACOSX_DEPLOYMENT_TARGET = 10.13;
				MTL_ENABLE_DEBUG_INFO = NO;
				SDKROOT = macosx;
			};
			name = Release;
		};
		C39F15F720C77008000BE728 /* Debug */ = {
			isa = XCBuildConfiguration;
			buildSettings = {
				CODE_SIGN_STYLE = Automatic;
				DEVELOPMENT_TEAM = N358N78Z95;
				HEADER_SEARCH_PATHS = (
					/usr/local/include/,
					"$(SRCROOT)/opengl-project/include/",
				);
				LIBRARY_SEARCH_PATHS = (
					/usr/local/lib,
					"$(PROJECT_DIR)/opengl-project/lib",
					"$(PROJECT_DIR)/opengl-project/bin",
				);
				PRODUCT_NAME = "$(TARGET_NAME)";
			};
			name = Debug;
		};
		C39F15F820C77008000BE728 /* Release */ = {
			isa = XCBuildConfiguration;
			buildSettings = {
				CODE_SIGN_STYLE = Automatic;
				DEVELOPMENT_TEAM = N358N78Z95;
				HEADER_SEARCH_PATHS = (
					/usr/local/include/,
					"$(SRCROOT)/opengl-project/include/",
				);
				LIBRARY_SEARCH_PATHS = (
					/usr/local/lib,
					"$(PROJECT_DIR)/opengl-project/lib",
					"$(PROJECT_DIR)/opengl-project/bin",
				);
				PRODUCT_NAME = "$(TARGET_NAME)";
			};
			name = Release;
		};
/* End XCBuildConfiguration section */

/* Begin XCConfigurationList section */
		C39F15EA20C77008000BE728 /* Build configuration list for PBXProject "opengl-project" */ = {
			isa = XCConfigurationList;
			buildConfigurations = (
				C39F15F420C77008000BE728 /* Debug */,
				C39F15F520C77008000BE728 /* Release */,
			);
			defaultConfigurationIsVisible = 0;
			defaultConfigurationName = Release;
		};
		C39F15F620C77008000BE728 /* Build configuration list for PBXNativeTarget "opengl-project" */ = {
			isa = XCConfigurationList;
			buildConfigurations = (
				C39F15F720C77008000BE728 /* Debug */,
				C39F15F820C77008000BE728 /* Release */,
			);
			defaultConfigurationIsVisible = 0;
			defaultConfigurationName = Release;
		};
/* End XCConfigurationList section */
	};
	rootObject = C39F15E720C77008000BE728 /* Project object */;
}
