// !$*UTF8*$!
{
	archiveVersion = 1;
	classes = {
	};
	objectVersion = 50;
	objects = {

/* Begin PBXBuildFile section */
		C319563220C7802700E1D7A9 /* Cocoa.framework in Frameworks */ = {isa = PBXBuildFile; fileRef = C319563120C7802700E1D7A9 /* Cocoa.framework */; };
		C319563420C7805E00E1D7A9 /* IOKit.framework in Frameworks */ = {isa = PBXBuildFile; fileRef = C319563320C7805E00E1D7A9 /* IOKit.framework */; };
		C319563620C7806900E1D7A9 /* CoreVideo.framework in Frameworks */ = {isa = PBXBuildFile; fileRef = C319563520C7806900E1D7A9 /* CoreVideo.framework */; };
		C319563E20C8F97300E1D7A9 /* glad.cpp in Sources */ = {isa = PBXBuildFile; fileRef = C319563D20C8F97300E1D7A9 /* glad.cpp */; };
		C39F15F320C77008000BE728 /* main.cpp in Sources */ = {isa = PBXBuildFile; fileRef = C39F15F220C77008000BE728 /* main.cpp */; };
		C39F15FF20C77853000BE728 /* libglfw3.a in Frameworks */ = {isa = PBXBuildFile; fileRef = C39F15FE20C77853000BE728 /* libglfw3.a */; settings = {ATTRIBUTES = (Required, ); }; };
/* End PBXBuildFile section */

/* Begin PBXCopyFilesBuildPhase section */
		C39F15ED20C77008000BE728 /* CopyFiles */ = {
			isa = PBXCopyFilesBuildPhase;
			buildActionMask = 2147483647;
			dstPath = /usr/share/man/man1/;
			dstSubfolderSpec = 0;
			files = (
			);
			runOnlyForDeploymentPostprocessing = 1;
		};
/* End PBXCopyFilesBuildPhase section */

/* Begin PBXFileReference section */
		C319563120C7802700E1D7A9 /* Cocoa.framework */ = {isa = PBXFileReference; lastKnownFileType = wrapper.framework; name = Cocoa.framework; path = System/Library/Frameworks/Cocoa.framework; sourceTree = SDKROOT; };
		C319563320C7805E00E1D7A9 /* IOKit.framework */ = {isa = PBXFileReference; lastKnownFileType = wrapper.framework; name = IOKit.framework; path = System/Library/Frameworks/IOKit.framework; sourceTree = SDKROOT; };
		C319563520C7806900E1D7A9 /* CoreVideo.framework */ = {isa = PBXFileReference; lastKnownFileType = wrapper.framework; name = CoreVideo.framework; path = System/Library/Frameworks/CoreVideo.framework; sourceTree = SDKROOT; };
		C319563D20C8F97300E1D7A9 /* glad.cpp */ = {isa = PBXFileReference; fileEncoding = 4; lastKnownFileType = sourcecode.cpp.cpp; path = glad.cpp; sourceTree = "<group>"; };
		C39F15EF20C77008000BE728 /* opengl-project */ = {isa = PBXFileReference; explicitFileType = "compiled.mach-o.executable"; includeInIndex = 0; path = "opengl-project"; sourceTree = BUILT_PRODUCTS_DIR; };
		C39F15F220C77008000BE728 /* main.cpp */ = {isa = PBXFileReference; lastKnownFileType = sourcecode.cpp.cpp; path = main.cpp; sourceTree = "<group>"; };
		C39F15FC20C77821000BE728 /* GLFW */ = {isa = PBXFileReference; lastKnownFileType = folder; name = GLFW; path = ../../../../usr/local/include/GLFW; sourceTree = "<group>"; };
		C39F15FE20C77853000BE728 /* libglfw3.a */ = {isa = PBXFileReference; lastKnownFileType = archive.ar; name = libglfw3.a; path = ../../../../usr/local/lib/libglfw3.a; sourceTree = "<group>"; };
/* End PBXFileReference section */

/* Begin PBXFrameworksBuildPhase section */
		C39F15EC20C77008000BE728 /* Frameworks */ = {
			isa = PBXFrameworksBuildPhase;
			buildActionMask = 2147483647;
			files = (
				C319563620C7806900E1D7A9 /* CoreVideo.framework in Frameworks */,
				C319563420C7805E00E1D7A9 /* IOKit.framework in Frameworks */,
				C319563220C7802700E1D7A9 /* Cocoa.framework in Frameworks */,
				C39F15FF20C77853000BE728 /* libglfw3.a in Frameworks */,
			);
			runOnlyForDeploymentPostprocessing = 0;
		};
/* End PBXFrameworksBuildPhase section */

/* Begin PBXGroup section */
		C39F15E620C77008000BE728 = {
			isa = PBXGroup;
			children = (
				C39F15F120C77008000BE728 /* opengl-project */,
				C39F15F020C77008000BE728 /* Products */,
				C39F15F920C7761F000BE728 /* Frameworks */,
			);
			sourceTree = "<group>";
			usesTabs = 0;
		};
		C39F15F020C77008000BE728 /* Products */ = {
			isa = PBXGroup;
			children = (
				C39F15EF20C77008000BE728 /* opengl-project */,
			);
			name = Products;
			sourceTree = "<group>";
		};
		C39F15F120C77008000BE728 /* opengl-project */ = {
			isa = PBXGroup;
			children = (
				C319563D20C8F97300E1D7A9 /* glad.cpp */,
				C39F15F220C77008000BE728 /* main.cpp */,
			);
			path = "opengl-project";
			sourceTree = "<group>";
		};
		C39F15F920C7761F000BE728 /* Frameworks */ = {
			isa = PBXGroup;
			children = (
				C319563520C7806900E1D7A9 /* CoreVideo.framework */,
				C319563320C7805E00E1D7A9 /* IOKit.framework */,
				C319563120C7802700E1D7A9 /* Cocoa.framework */,
				C39F15FE20C77853000BE728 /* libglfw3.a */,
				C39F15FC20C77821000BE728 /* GLFW */,
			);
			name = Frameworks;
			sourceTree = "<group>";
		};
/* End PBXGroup section */

/* Begin PBXNativeTarget section */
		C39F15EE20C77008000BE728 /* opengl-project */ = {
			isa = PBXNativeTarget;
			buildConfigurationList = C39F15F620C77008000BE728 /* Build configuration list for PBXNativeTarget "opengl-project" */;
			buildPhases = (
				C39F15EB20C77008000BE728 /* Sources */,
				C39F15EC20C77008000BE728 /* Frameworks */,
				C39F15ED20C77008000BE728 /* CopyFiles */,
			);
			buildRules = (
			);
			dependencies = (
			);
			name = "opengl-project";
			productName = "opengl-project";
			productReference = C39F15EF20C77008000BE728 /* opengl-project */;
			productType = "com.apple.product-type.tool";
		};
/* End PBXNativeTarget section */

/* Begin PBXProject section */
		C39F15E720C77008000BE728 /* Project object */ = {
			isa = PBXProject;
			attributes = {
				LastUpgradeCheck = 0940;
				ORGANIZATIONNAME = ped;
				TargetAttributes = {
					C39F15EE20C77008000BE728 = {
						CreatedOnToolsVersion = 9.4;
					};
				};
			};
			buildConfigurationList = C39F15EA20C77008000BE728 /* Build configuration list for PBXProject "opengl-project" */;
			compatibilityVersion = "Xcode 9.3";
			developmentRegion = en;
			hasScannedForEncodings = 0;
			knownRegions = (
				en,
			);
			mainGroup = C39F15E620C77008000BE728;
			productRefGroup = C39F15F020C77008000BE728 /* Products */;
			projectDirPath = "";
			projectRoot = "";
			targets = (
				C39F15EE20C77008000BE728 /* opengl-project */,
			);
		};
/* End PBXProject section */

/* Begin PBXSourcesBuildPhase section */
		C39F15EB20C77008000BE728 /* Sources */ = {
			isa = PBXSourcesBuildPhase;
			buildActionMask = 2147483647;
			files = (
				C39F15F320C77008000BE728 /* main.cpp in Sources */,
				C319563E20C8F97300E1D7A9 /* glad.cpp in Sources */,
			);
			runOnlyForDeploymentPostprocessing = 0;
		};
/* End PBXSourcesBuildPhase section */

/* Begin XCBuildConfiguration section */
		C39F15F420C77008000BE728 /* Debug */ = {
			isa = XCBuildConfiguration;
			buildSettings = {
				ALWAYS_SEARCH_USER_PATHS = NO;
				CLANG_ANALYZER_NONNULL = YES;
				CLANG_ANALYZER_NUMBER_OBJECT_CONVERSION = YES_AGGRESSIVE;
				CLANG_CXX_LANGUAGE_STANDARD = "gnu++14";
				CLANG_CXX_LIBRARY = "libc++";
				CLANG_ENABLE_MODULES = YES;
				CLANG_ENABLE_OBJC_ARC = YES;
				CLANG_ENABLE_OBJC_WEAK = YES;
				CLANG_WARN_BLOCK_CAPTURE_AUTORELEASING = YES;
				CLANG_WARN_BOOL_CONVERSION = YES;
				CLANG_WARN_COMMA = YES;
				CLANG_WARN_CONSTANT_CONVERSION = YES;
				CLANG_WARN_DEPRECATED_OBJC_IMPLEMENTATIONS = YES;
				CLANG_WARN_DIRECT_OBJC_ISA_USAGE = YES_ERROR;
				CLANG_WARN_DOCUMENTATION_COMMENTS = YES;
				CLANG_WARN_EMPTY_BODY = YES;
				CLANG_WARN_ENUM_CONVERSION = YES;
				CLANG_WARN_INFINITE_RECURSION = YES;
				CLANG_WARN_INT_CONVERSION = YES;
				CLANG_WARN_NON_LITERAL_NULL_CONVERSION = YES;
				CLANG_WARN_OBJC_IMPLICIT_RETAIN_SELF = YES;
				CLANG_WARN_OBJC_LITERAL_CONVERSION = YES;
				CLANG_WARN_OBJC_ROOT_CLASS = YES_ERROR;
				CLANG_WARN_RANGE_LOOP_ANALYSIS = YES;
				CLANG_WARN_STRICT_PROTOTYPES = YES;
				CLANG_WARN_SUSPICIOUS_MOVE = YES;
				CLANG_WARN_UNGUARDED_AVAILABILITY = YES_AGGRESSIVE;
				CLANG_WARN_UNREACHABLE_CODE = YES;
				CLANG_WARN__DUPLICATE_METHOD_MATCH = YES;
				CODE_SIGN_IDENTITY = "Mac Developer";
				COPY_PHASE_STRIP = NO;
				DEBUG_INFORMATION_FORMAT = dwarf;
				ENABLE_STRICT_OBJC_MSGSEND = YES;
				ENABLE_TESTABILITY = YES;
				GCC_C_LANGUAGE_STANDARD = gnu11;
				GCC_DYNAMIC_NO_PIC = NO;
				GCC_NO_COMMON_BLOCKS = YES;
				GCC_OPTIMIZATION_LEVEL = 0;
				GCC_PREPROCESSOR_DEFINITIONS = (
					"DEBUG=1",
					"$(inherited)",
				);
				GCC_WARN_64_TO_32_BIT_CONVERSION = YES;
				GCC_WARN_ABOUT_RETURN_TYPE = YES_ERROR;
				GCC_WARN_UNDECLARED_SELECTOR = YES;
				GCC_WARN_UNINITIALIZED_AUTOS = YES_AGGRESSIVE;
				GCC_WARN_UNUSED_FUNCTION = YES;
				GCC_WARN_UNUSED_VARIABLE = YES;
				MACOSX_DEPLOYMENT_TARGET = 10.13;
				MTL_ENABLE_DEBUG_INFO = YES;
				ONLY_ACTIVE_ARCH = YES;
				SDKROOT = macosx;
			};
			name = Debug;
		};
		C39F15F520C77008000BE728 /* Release */ = {
			isa = XCBuildConfiguration;
			buildSettings = {
				ALWAYS_SEARCH_USER_PATHS = NO;
				CLANG_ANALYZER_NONNULL = YES;
				CLANG_ANALYZER_NUMBER_OBJECT_CONVERSION = YES_AGGRESSIVE;
				CLANG_CXX_LANGUAGE_STANDARD = "gnu++14";
				CLANG_CXX_LIBRARY = "libc++";
				CLANG_ENABLE_MODULES = YES;
				CLANG_ENABLE_OBJC_ARC = YES;
				CLANG_ENABLE_OBJC_WEAK = YES;
				CLANG_WARN_BLOCK_CAPTURE_AUTORELEASING = YES;
				CLANG_WARN_BOOL_CONVERSION = YES;
				CLANG_WARN_COMMA = YES;
				CLANG_WARN_CONSTANT_CONVERSION = YES;
				CLANG_WARN_DEPRECATED_OBJC_IMPLEMENTATIONS = YES;
				CLANG_WARN_DIRECT_OBJC_ISA_USAGE = YES_ERROR;
				CLANG_WARN_DOCUMENTATION_COMMENTS = YES;
				CLANG_WARN_EMPTY_BODY = YES;
				CLANG_WARN_ENUM_CONVERSION = YES;
				CLANG_WARN_INFINITE_RECURSION = YES;
				CLANG_WARN_INT_CONVERSION = YES;
				CLANG_WARN_NON_LITERAL_NULL_CONVERSION = YES;
				CLANG_WARN_OBJC_IMPLICIT_RETAIN_SELF = YES;
				CLANG_WARN_OBJC_LITERAL_CONVERSION = YES;
				CLANG_WARN_OBJC_ROOT_CLASS = YES_ERROR;
				CLANG_WARN_RANGE_LOOP_ANALYSIS = YES;
				CLANG_WARN_STRICT_PROTOTYPES = YES;
				CLANG_WARN_SUSPICIOUS_MOVE = YES;
				CLANG_WARN_UNGUARDED_AVAILABILITY = YES_AGGRESSIVE;
				CLANG_WARN_UNREACHABLE_CODE = YES;
				CLANG_WARN__DUPLICATE_METHOD_MATCH = YES;
				CODE_SIGN_IDENTITY = "Mac Developer";
				COPY_PHASE_STRIP = NO;
				DEBUG_INFORMATION_FORMAT = "dwarf-with-dsym";
				ENABLE_NS_ASSERTIONS = NO;
				ENABLE_STRICT_OBJC_MSGSEND = YES;
				GCC_C_LANGUAGE_STANDARD = gnu11;
				GCC_NO_COMMON_BLOCKS = YES;
				GCC_WARN_64_TO_32_BIT_CONVERSION = YES;
				GCC_WARN_ABOUT_RETURN_TYPE = YES_ERROR;
				GCC_WARN_UNDECLARED_SELECTOR = YES;
				GCC_WARN_UNINITIALIZED_AUTOS = YES_AGGRESSIVE;
				GCC_WARN_UNUSED_FUNCTION = YES;
				GCC_WARN_UNUSED_VARIABLE = YES;
				MACOSX_DEPLOYMENT_TARGET = 10.13;
				MTL_ENABLE_DEBUG_INFO = NO;
				SDKROOT = macosx;
			};
			name = Release;
		};
		C39F15F720C77008000BE728 /* Debug */ = {
			isa = XCBuildConfiguration;
			buildSettings = {
				CODE_SIGN_STYLE = Automatic;
				DEVELOPMENT_TEAM = N358N78Z95;
				HEADER_SEARCH_PATHS = /usr/local/include/;
				LIBRARY_SEARCH_PATHS = /usr/local/lib;
				PRODUCT_NAME = "$(TARGET_NAME)";
			};
			name = Debug;
		};
		C39F15F820C77008000BE728 /* Release */ = {
			isa = XCBuildConfiguration;
			buildSettings = {
				CODE_SIGN_STYLE = Automatic;
				DEVELOPMENT_TEAM = N358N78Z95;
				HEADER_SEARCH_PATHS = /usr/local/include/;
				LIBRARY_SEARCH_PATHS = /usr/local/lib;
				PRODUCT_NAME = "$(TARGET_NAME)";
			};
			name = Release;
		};
/* End XCBuildConfiguration section */

/* Begin XCConfigurationList section */
		C39F15EA20C77008000BE728 /* Build configuration list for PBXProject "opengl-project" */ = {
			isa = XCConfigurationList;
			buildConfigurations = (
				C39F15F420C77008000BE728 /* Debug */,
				C39F15F520C77008000BE728 /* Release */,
			);
			defaultConfigurationIsVisible = 0;
			defaultConfigurationName = Release;
		};
		C39F15F620C77008000BE728 /* Build configuration list for PBXNativeTarget "opengl-project" */ = {
			isa = XCConfigurationList;
			buildConfigurations = (
				C39F15F720C77008000BE728 /* Debug */,
				C39F15F820C77008000BE728 /* Release */,
			);
			defaultConfigurationIsVisible = 0;
			defaultConfigurationName = Release;
		};
/* End XCConfigurationList section */
	};
	rootObject = C39F15E720C77008000BE728 /* Project object */;
}
